PODS:
  - Alamofire (4.9.1)
  - AlamofireImage (3.6.0):
    - Alamofire (~> 4.9)
  - Charts (3.5.0):
    - Charts/Core (= 3.5.0)
  - Charts/Core (3.5.0)
  - MBCircularProgressBar (0.3.5)
  - PromiseKit (6.13.1):
    - PromiseKit/CorePromise (= 6.13.1)
    - PromiseKit/Foundation (= 6.13.1)
    - PromiseKit/UIKit (= 6.13.1)
  - PromiseKit/CorePromise (6.13.1)
  - PromiseKit/Foundation (6.13.1):
    - PromiseKit/CorePromise
  - PromiseKit/UIKit (6.13.1):
    - PromiseKit/CorePromise
  - R.swift (5.1.0):
    - R.swift.Library (~> 5.1.0)
  - R.swift.Library (5.1.0)
  - SVProgressHUD (2.2.5)
  - SwaggerClient (0.20.4.30):
    - Alamofire (~> 4.9.0)
    - PromiseKit (~> 6.8)

DEPENDENCIES:
  - AlamofireImage
  - Charts
  - MBCircularProgressBar
  - R.swift
  - SVProgressHUD
  - SwaggerClient (from `../generated/promise`)

SPEC REPOS:
  trunk:
    - Alamofire
    - AlamofireImage
    - Charts
    - MBCircularProgressBar
    - PromiseKit
    - R.swift
    - R.swift.Library
    - SVProgressHUD

EXTERNAL SOURCES:
  SwaggerClient:
    :path: "../generated/promise"

SPEC CHECKSUMS:
  Alamofire: 85e8a02c69d6020a0d734f6054870d7ecb75cf18
  AlamofireImage: be9963c6582d68b39e89191f64c82a7d7bf40fdd
  Charts: 40a08591df1f8ad5c223ddedfb1a06da92f24f7c
  MBCircularProgressBar: 0b795b722a5eb5b0923822f90474e2576a1a7855
  PromiseKit: 28fda91c973cc377875d8c0ea4f973013c05b6db
  R.swift: 8cbc4fc69b740305b6a17c8a8ed968eb788962d9
  R.swift.Library: fa85ce1e0d0b7e818cd9e080df910ba54d2776cc
  SVProgressHUD: 1428aafac632c1f86f62aa4243ec12008d7a51d6
  SwaggerClient: deb4a616e282c99b0e89519fd3fa3e0c4ddd8d67

PODFILE CHECKSUM: 19617040ebea7eedbf21d76d4fced864ef5db863

COCOAPODS: 1.9.1
